
Microsoft Visual Studio Solution File, Format Version 12.00
# Visual Studio Version 17
VisualStudioVersion = 17.4.33103.184
MinimumVisualStudioVersion = 10.0.40219.1
Project("{FAE04EC0-301F-11D3-BF4B-00C04F79EFBC}") = "ekz_wpf_sql", "ekz_wpf_sql.csproj", "{861E2085-69D7-424A-A7D2-529B69F7C963}"
EndProject
Global
	GlobalSection(SolutionConfigurationPlatforms) = preSolution
		Debug|Any CPU = Debug|Any CPU
		Release|Any CPU = Release|Any CPU
	EndGlobalSection
	GlobalSection(ProjectConfigurationPlatforms) = postSolution
		{861E2085-69D7-424A-A7D2-529B69F7C963}.Debug|Any CPU.ActiveCfg = Debug|Any CPU
		{861E2085-69D7-424A-A7D2-529B69F7C963}.Debug|Any CPU.Build.0 = Debug|Any CPU
		{861E2085-69D7-424A-A7D2-529B69F7C963}.Release|Any CPU.ActiveCfg = Release|Any CPU
		{861E2085-69D7-424A-A7D2-529B69F7C963}.Release|Any CPU.Build.0 = Release|Any CPU
	EndGlobalSection
	GlobalSection(SolutionProperties) = preSolution
		HideSolutionNode = FALSE
	EndGlobalSection
	GlobalSection(ExtensibilityGlobals) = postSolution
		SolutionGuid = {35C422AB-BBEE-47EC-B227-5C0BE2C2F91F}
	EndGlobalSection
EndGlobal
